
Microsoft Visual Studio Solution File, Format Version 12.00
# Visual Studio 15
VisualStudioVersion = 15.0.26124.0
MinimumVisualStudioVersion = 15.0.26124.0
Project("{2150E333-8FDC-42A3-9474-1A3956D46DE8}") = "DevOpsAPI", "DevOpsAPI", "{3D1CC1CC-51FA-4F08-A7DC-50D26D8E6AAB}"
EndProject
Project("{FAE04EC0-301F-11D3-BF4B-00C04F79EFBC}") = "DevOpsAPI", "DevOpsAPI\DevOpsAPI\DevOpsAPI.csproj", "{3E41A278-7E06-420E-909F-FBBCB5C09E3D}"
EndProject
Project("{2150E333-8FDC-42A3-9474-1A3956D46DE8}") = "DevOpsTest", "DevOpsTest", "{48758E98-DD7A-4A0E-8A35-048D70C652F2}"
EndProject
Project("{FAE04EC0-301F-11D3-BF4B-00C04F79EFBC}") = "DevOpsTest.Test", "DevOpsTest\DevOpsTest.Test\DevOpsTest.Test.csproj", "{19861BFE-22E5-4C5F-BE0C-E726C2DD6D83}"
EndProject
Global
	GlobalSection(SolutionConfigurationPlatforms) = preSolution
		Debug|Any CPU = Debug|Any CPU
		Debug|x64 = Debug|x64
		Debug|x86 = Debug|x86
		Release|Any CPU = Release|Any CPU
		Release|x64 = Release|x64
		Release|x86 = Release|x86
	EndGlobalSection
	GlobalSection(SolutionProperties) = preSolution
		HideSolutionNode = FALSE
	EndGlobalSection
	GlobalSection(ProjectConfigurationPlatforms) = postSolution
		{3E41A278-7E06-420E-909F-FBBCB5C09E3D}.Debug|Any CPU.ActiveCfg = Debug|Any CPU
		{3E41A278-7E06-420E-909F-FBBCB5C09E3D}.Debug|Any CPU.Build.0 = Debug|Any CPU
		{3E41A278-7E06-420E-909F-FBBCB5C09E3D}.Debug|x64.ActiveCfg = Debug|Any CPU
		{3E41A278-7E06-420E-909F-FBBCB5C09E3D}.Debug|x64.Build.0 = Debug|Any CPU
		{3E41A278-7E06-420E-909F-FBBCB5C09E3D}.Debug|x86.ActiveCfg = Debug|Any CPU
		{3E41A278-7E06-420E-909F-FBBCB5C09E3D}.Debug|x86.Build.0 = Debug|Any CPU
		{3E41A278-7E06-420E-909F-FBBCB5C09E3D}.Release|Any CPU.ActiveCfg = Release|Any CPU
		{3E41A278-7E06-420E-909F-FBBCB5C09E3D}.Release|Any CPU.Build.0 = Release|Any CPU
		{3E41A278-7E06-420E-909F-FBBCB5C09E3D}.Release|x64.ActiveCfg = Release|Any CPU
		{3E41A278-7E06-420E-909F-FBBCB5C09E3D}.Release|x64.Build.0 = Release|Any CPU
		{3E41A278-7E06-420E-909F-FBBCB5C09E3D}.Release|x86.ActiveCfg = Release|Any CPU
		{3E41A278-7E06-420E-909F-FBBCB5C09E3D}.Release|x86.Build.0 = Release|Any CPU
		{19861BFE-22E5-4C5F-BE0C-E726C2DD6D83}.Debug|Any CPU.ActiveCfg = Debug|Any CPU
		{19861BFE-22E5-4C5F-BE0C-E726C2DD6D83}.Debug|Any CPU.Build.0 = Debug|Any CPU
		{19861BFE-22E5-4C5F-BE0C-E726C2DD6D83}.Debug|x64.ActiveCfg = Debug|Any CPU
		{19861BFE-22E5-4C5F-BE0C-E726C2DD6D83}.Debug|x64.Build.0 = Debug|Any CPU
		{19861BFE-22E5-4C5F-BE0C-E726C2DD6D83}.Debug|x86.ActiveCfg = Debug|Any CPU
		{19861BFE-22E5-4C5F-BE0C-E726C2DD6D83}.Debug|x86.Build.0 = Debug|Any CPU
		{19861BFE-22E5-4C5F-BE0C-E726C2DD6D83}.Release|Any CPU.ActiveCfg = Release|Any CPU
		{19861BFE-22E5-4C5F-BE0C-E726C2DD6D83}.Release|Any CPU.Build.0 = Release|Any CPU
		{19861BFE-22E5-4C5F-BE0C-E726C2DD6D83}.Release|x64.ActiveCfg = Release|Any CPU
		{19861BFE-22E5-4C5F-BE0C-E726C2DD6D83}.Release|x64.Build.0 = Release|Any CPU
		{19861BFE-22E5-4C5F-BE0C-E726C2DD6D83}.Release|x86.ActiveCfg = Release|Any CPU
		{19861BFE-22E5-4C5F-BE0C-E726C2DD6D83}.Release|x86.Build.0 = Release|Any CPU
	EndGlobalSection
	GlobalSection(NestedProjects) = preSolution
		{3E41A278-7E06-420E-909F-FBBCB5C09E3D} = {3D1CC1CC-51FA-4F08-A7DC-50D26D8E6AAB}
		{19861BFE-22E5-4C5F-BE0C-E726C2DD6D83} = {48758E98-DD7A-4A0E-8A35-048D70C652F2}
	EndGlobalSection
EndGlobal
